# This file is automatically @generated by Poetry 1.4.2 and should not be changed by hand.

[[package]]
name = "grapheme"
version = "0.6.0"
description = "Unicode grapheme helpers"
category = "main"
optional = false
python-versions = "*"
files = [
    {file = "grapheme-0.6.0.tar.gz", hash = "sha256:44c2b9f21bbe77cfb05835fec230bd435954275267fea1858013b102f8603cca"},
]

[package.extras]
test = ["pytest", "sphinx", "sphinx-autobuild", "twine", "wheel"]

[[package]]
name = "hebrew"
version = "0.6.0"
description = "A python package with methods to handle the complexities of Hebrew text, calculate Gematria, and more."
category = "main"
optional = false
python-versions = ">=3.7.0,<4.0.0"
files = [
    {file = "hebrew-0.6.0-py3-none-any.whl", hash = "sha256:4d8816112b945f85978bec96a8f92e2bb45a6dfab4a774c0f53a24b876ac4859"},
    {file = "hebrew-0.6.0.tar.gz", hash = "sha256:26f0faa2ff5d486bf5d96fbb5d516334ee184415057bec78e0d6610150cda16f"},
]

[package.dependencies]
grapheme = ">=0.6.0,<0.7.0"

[metadata]
lock-version = "2.0"
python-versions = "^3.10"
content-hash = "6ea886b3b7f924960753ec70e7508ba05a3da2b49d49c0305eab7d2eee7247b4"
